// !$*UTF8*$!
{
	archiveVersion = 1;
	classes = {
	};
	objectVersion = 55;
	objects = {

/* Begin PBXBuildFile section */
		3347A26327D4564300FD0BF7 /* AppDelegate.swift in Sources */ = {isa = PBXBuildFile; fileRef = 3347A26227D4564300FD0BF7 /* AppDelegate.swift */; };
		3347A26527D4564300FD0BF7 /* SceneDelegate.swift in Sources */ = {isa = PBXBuildFile; fileRef = 3347A26427D4564300FD0BF7 /* SceneDelegate.swift */; };
		3347A26727D4564300FD0BF7 /* ClipsToBounds.swift in Sources */ = {isa = PBXBuildFile; fileRef = 3347A26627D4564300FD0BF7 /* ClipsToBounds.swift */; };
		3347A26D27D4564300FD0BF7 /* ClipsToBoundsVSMasksToBounds.xcdatamodeld in Sources */ = {isa = PBXBuildFile; fileRef = 3347A26B27D4564300FD0BF7 /* ClipsToBoundsVSMasksToBounds.xcdatamodeld */; };
		3347A26F27D4564300FD0BF7 /* Assets.xcassets in Resources */ = {isa = PBXBuildFile; fileRef = 3347A26E27D4564300FD0BF7 /* Assets.xcassets */; };
		3347A27227D4564300FD0BF7 /* LaunchScreen.storyboard in Resources */ = {isa = PBXBuildFile; fileRef = 3347A27027D4564300FD0BF7 /* LaunchScreen.storyboard */; };
		3347A27A27D4584000FD0BF7 /* MasksToBounds.swift in Sources */ = {isa = PBXBuildFile; fileRef = 3347A27927D4584000FD0BF7 /* MasksToBounds.swift */; };
/* End PBXBuildFile section */

/* Begin PBXFileReference section */
		3347A25F27D4564300FD0BF7 /* ClipsToBoundsVSMasksToBounds.app */ = {isa = PBXFileReference; explicitFileType = wrapper.application; includeInIndex = 0; path = ClipsToBoundsVSMasksToBounds.app; sourceTree = BUILT_PRODUCTS_DIR; };
		3347A26227D4564300FD0BF7 /* AppDelegate.swift */ = {isa = PBXFileReference; lastKnownFileType = sourcecode.swift; path = AppDelegate.swift; sourceTree = "<group>"; };
		3347A26427D4564300FD0BF7 /* SceneDelegate.swift */ = {isa = PBXFileReference; lastKnownFileType = sourcecode.swift; path = SceneDelegate.swift; sourceTree = "<group>"; };
		3347A26627D4564300FD0BF7 /* ClipsToBounds.swift */ = {isa = PBXFileReference; lastKnownFileType = sourcecode.swift; path = ClipsToBounds.swift; sourceTree = "<group>"; };
		3347A26C27D4564300FD0BF7 /* ClipsToBoundsVSMasksToBounds.xcdatamodel */ = {isa = PBXFileReference; lastKnownFileType = wrapper.xcdatamodel; path = ClipsToBoundsVSMasksToBounds.xcdatamodel; sourceTree = "<group>"; };
		3347A26E27D4564300FD0BF7 /* Assets.xcassets */ = {isa = PBXFileReference; lastKnownFileType = folder.assetcatalog; path = Assets.xcassets; sourceTree = "<group>"; };
		3347A27127D4564300FD0BF7 /* Base */ = {isa = PBXFileReference; lastKnownFileType = file.storyboard; name = Base; path = Base.lproj/LaunchScreen.storyboard; sourceTree = "<group>"; };
		3347A27327D4564300FD0BF7 /* Info.plist */ = {isa = PBXFileReference; lastKnownFileType = text.plist.xml; path = Info.plist; sourceTree = "<group>"; };
		3347A27927D4584000FD0BF7 /* MasksToBounds.swift */ = {isa = PBXFileReference; lastKnownFileType = sourcecode.swift; path = MasksToBounds.swift; sourceTree = "<group>"; };
/* End PBXFileReference section */

/* Begin PBXFrameworksBuildPhase section */
		3347A25C27D4564300FD0BF7 /* Frameworks */ = {
			isa = PBXFrameworksBuildPhase;
			buildActionMask = 2147483647;
			files = (
			);
			runOnlyForDeploymentPostprocessing = 0;
		};
/* End PBXFrameworksBuildPhase section */

/* Begin PBXGroup section */
		3347A25627D4564300FD0BF7 = {
			isa = PBXGroup;
			children = (
				3347A26127D4564300FD0BF7 /* ClipsToBoundsVSMasksToBounds */,
				3347A26027D4564300FD0BF7 /* Products */,
			);
			sourceTree = "<group>";
		};
		3347A26027D4564300FD0BF7 /* Products */ = {
			isa = PBXGroup;
			children = (
				3347A25F27D4564300FD0BF7 /* ClipsToBoundsVSMasksToBounds.app */,
			);
			name = Products;
			sourceTree = "<group>";
		};
		3347A26127D4564300FD0BF7 /* ClipsToBoundsVSMasksToBounds */ = {
			isa = PBXGroup;
			children = (
				3347A26227D4564300FD0BF7 /* AppDelegate.swift */,
				3347A26427D4564300FD0BF7 /* SceneDelegate.swift */,
				3347A26627D4564300FD0BF7 /* ClipsToBounds.swift */,
				3347A27927D4584000FD0BF7 /* MasksToBounds.swift */,
				3347A26E27D4564300FD0BF7 /* Assets.xcassets */,
				3347A27027D4564300FD0BF7 /* LaunchScreen.storyboard */,
				3347A27327D4564300FD0BF7 /* Info.plist */,
				3347A26B27D4564300FD0BF7 /* ClipsToBoundsVSMasksToBounds.xcdatamodeld */,
			);
			path = ClipsToBoundsVSMasksToBounds;
			sourceTree = "<group>";
		};
/* End PBXGroup section */

/* Begin PBXNativeTarget section */
		3347A25E27D4564300FD0BF7 /* ClipsToBoundsVSMasksToBounds */ = {
			isa = PBXNativeTarget;
			buildConfigurationList = 3347A27627D4564300FD0BF7 /* Build configuration list for PBXNativeTarget "ClipsToBoundsVSMasksToBounds" */;
			buildPhases = (
				3347A25B27D4564300FD0BF7 /* Sources */,
				3347A25C27D4564300FD0BF7 /* Frameworks */,
				3347A25D27D4564300FD0BF7 /* Resources */,
			);
			buildRules = (
			);
			dependencies = (
			);
			name = ClipsToBoundsVSMasksToBounds;
			productName = ClipsToBoundsVSMasksToBounds;
			productReference = 3347A25F27D4564300FD0BF7 /* ClipsToBoundsVSMasksToBounds.app */;
			productType = "com.apple.product-type.application";
		};
/* End PBXNativeTarget section */

/* Begin PBXProject section */
		3347A25727D4564300FD0BF7 /* Project object */ = {
			isa = PBXProject;
			attributes = {
				BuildIndependentTargetsInParallel = 1;
				LastSwiftUpdateCheck = 1320;
				LastUpgradeCheck = 1320;
				TargetAttributes = {
					3347A25E27D4564300FD0BF7 = {
						CreatedOnToolsVersion = 13.2.1;
					};
				};
			};
			buildConfigurationList = 3347A25A27D4564300FD0BF7 /* Build configuration list for PBXProject "ClipsToBoundsVSMasksToBounds" */;
			compatibilityVersion = "Xcode 13.0";
			developmentRegion = en;
			hasScannedForEncodings = 0;
			knownRegions = (
				en,
				Base,
			);
			mainGroup = 3347A25627D4564300FD0BF7;
			productRefGroup = 3347A26027D4564300FD0BF7 /* Products */;
			projectDirPath = "";
			projectRoot = "";
			targets = (
				3347A25E27D4564300FD0BF7 /* ClipsToBoundsVSMasksToBounds */,
			);
		};
/* End PBXProject section */

/* Begin PBXResourcesBuildPhase section */
		3347A25D27D4564300FD0BF7 /* Resources */ = {
			isa = PBXResourcesBuildPhase;
			buildActionMask = 2147483647;
			files = (
				3347A27227D4564300FD0BF7 /* LaunchScreen.storyboard in Resources */,
				3347A26F27D4564300FD0BF7 /* Assets.xcassets in Resources */,
			);
			runOnlyForDeploymentPostprocessing = 0;
		};
/* End PBXResourcesBuildPhase section */

/* Begin PBXSourcesBuildPhase section */
		3347A25B27D4564300FD0BF7 /* Sources */ = {
			isa = PBXSourcesBuildPhase;
			buildActionMask = 2147483647;
			files = (
				3347A26D27D4564300FD0BF7 /* ClipsToBoundsVSMasksToBounds.xcdatamodeld in Sources */,
				3347A26727D4564300FD0BF7 /* ClipsToBounds.swift in Sources */,
				3347A26327D4564300FD0BF7 /* AppDelegate.swift in Sources */,
				3347A26527D4564300FD0BF7 /* SceneDelegate.swift in Sources */,
				3347A27A27D4584000FD0BF7 /* MasksToBounds.swift in Sources */,
			);
			runOnlyForDeploymentPostprocessing = 0;
		};
/* End PBXSourcesBuildPhase section */

/* Begin PBXVariantGroup section */
		3347A27027D4564300FD0BF7 /* LaunchScreen.storyboard */ = {
			isa = PBXVariantGroup;
			children = (
				3347A27127D4564300FD0BF7 /* Base */,
			);
			name = LaunchScreen.storyboard;
			sourceTree = "<group>";
		};
/* End PBXVariantGroup section */

/* Begin XCBuildConfiguration section */
		3347A27427D4564300FD0BF7 /* Debug */ = {
			isa = XCBuildConfiguration;
			buildSettings = {
				ALWAYS_SEARCH_USER_PATHS = NO;
				CLANG_ANALYZER_NONNULL = YES;
				CLANG_ANALYZER_NUMBER_OBJECT_CONVERSION = YES_AGGRESSIVE;
				CLANG_CXX_LANGUAGE_STANDARD = "gnu++17";
				CLANG_CXX_LIBRARY = "libc++";
				CLANG_ENABLE_MODULES = YES;
				CLANG_ENABLE_OBJC_ARC = YES;
				CLANG_ENABLE_OBJC_WEAK = YES;
				CLANG_WARN_BLOCK_CAPTURE_AUTORELEASING = YES;
				CLANG_WARN_BOOL_CONVERSION = YES;
				CLANG_WARN_COMMA = YES;
				CLANG_WARN_CONSTANT_CONVERSION = YES;
				CLANG_WARN_DEPRECATED_OBJC_IMPLEMENTATIONS = YES;
				CLANG_WARN_DIRECT_OBJC_ISA_USAGE = YES_ERROR;
				CLANG_WARN_DOCUMENTATION_COMMENTS = YES;
				CLANG_WARN_EMPTY_BODY = YES;
				CLANG_WARN_ENUM_CONVERSION = YES;
				CLANG_WARN_INFINITE_RECURSION = YES;
				CLANG_WARN_INT_CONVERSION = YES;
				CLANG_WARN_NON_LITERAL_NULL_CONVERSION = YES;
				CLANG_WARN_OBJC_IMPLICIT_RETAIN_SELF = YES;
				CLANG_WARN_OBJC_LITERAL_CONVERSION = YES;
				CLANG_WARN_OBJC_ROOT_CLASS = YES_ERROR;
				CLANG_WARN_QUOTED_INCLUDE_IN_FRAMEWORK_HEADER = YES;
				CLANG_WARN_RANGE_LOOP_ANALYSIS = YES;
				CLANG_WARN_STRICT_PROTOTYPES = YES;
				CLANG_WARN_SUSPICIOUS_MOVE = YES;
				CLANG_WARN_UNGUARDED_AVAILABILITY = YES_AGGRESSIVE;
				CLANG_WARN_UNREACHABLE_CODE = YES;
				CLANG_WARN__DUPLICATE_METHOD_MATCH = YES;
				COPY_PHASE_STRIP = NO;
				DEBUG_INFORMATION_FORMAT = dwarf;
				ENABLE_STRICT_OBJC_MSGSEND = YES;
				ENABLE_TESTABILITY = YES;
				GCC_C_LANGUAGE_STANDARD = gnu11;
				GCC_DYNAMIC_NO_PIC = NO;
				GCC_NO_COMMON_BLOCKS = YES;
				GCC_OPTIMIZATION_LEVEL = 0;
				GCC_PREPROCESSOR_DEFINITIONS = (
					"DEBUG=1",
					"$(inherited)",
				);
				GCC_WARN_64_TO_32_BIT_CONVERSION = YES;
				GCC_WARN_ABOUT_RETURN_TYPE = YES_ERROR;
				GCC_WARN_UNDECLARED_SELECTOR = YES;
				GCC_WARN_UNINITIALIZED_AUTOS = YES_AGGRESSIVE;
				GCC_WARN_UNUSED_FUNCTION = YES;
				GCC_WARN_UNUSED_VARIABLE = YES;
				IPHONEOS_DEPLOYMENT_TARGET = 15.2;
				MTL_ENABLE_DEBUG_INFO = INCLUDE_SOURCE;
				MTL_FAST_MATH = YES;
				ONLY_ACTIVE_ARCH = YES;
				SDKROOT = iphoneos;
				SWIFT_ACTIVE_COMPILATION_CONDITIONS = DEBUG;
				SWIFT_OPTIMIZATION_LEVEL = "-Onone";
			};
			name = Debug;
		};
		3347A27527D4564300FD0BF7 /* Release */ = {
			isa = XCBuildConfiguration;
			buildSettings = {
				ALWAYS_SEARCH_USER_PATHS = NO;
				CLANG_ANALYZER_NONNULL = YES;
				CLANG_ANALYZER_NUMBER_OBJECT_CONVERSION = YES_AGGRESSIVE;
				CLANG_CXX_LANGUAGE_STANDARD = "gnu++17";
				CLANG_CXX_LIBRARY = "libc++";
				CLANG_ENABLE_MODULES = YES;
				CLANG_ENABLE_OBJC_ARC = YES;
				CLANG_ENABLE_OBJC_WEAK = YES;
				CLANG_WARN_BLOCK_CAPTURE_AUTORELEASING = YES;
				CLANG_WARN_BOOL_CONVERSION = YES;
				CLANG_WARN_COMMA = YES;
				CLANG_WARN_CONSTANT_CONVERSION = YES;
				CLANG_WARN_DEPRECATED_OBJC_IMPLEMENTATIONS = YES;
				CLANG_WARN_DIRECT_OBJC_ISA_USAGE = YES_ERROR;
				CLANG_WARN_DOCUMENTATION_COMMENTS = YES;
				CLANG_WARN_EMPTY_BODY = YES;
				CLANG_WARN_ENUM_CONVERSION = YES;
				CLANG_WARN_INFINITE_RECURSION = YES;
				CLANG_WARN_INT_CONVERSION = YES;
				CLANG_WARN_NON_LITERAL_NULL_CONVERSION = YES;
				CLANG_WARN_OBJC_IMPLICIT_RETAIN_SELF = YES;
				CLANG_WARN_OBJC_LITERAL_CONVERSION = YES;
				CLANG_WARN_OBJC_ROOT_CLASS = YES_ERROR;
				CLANG_WARN_QUOTED_INCLUDE_IN_FRAMEWORK_HEADER = YES;
				CLANG_WARN_RANGE_LOOP_ANALYSIS = YES;
				CLANG_WARN_STRICT_PROTOTYPES = YES;
				CLANG_WARN_SUSPICIOUS_MOVE = YES;
				CLANG_WARN_UNGUARDED_AVAILABILITY = YES_AGGRESSIVE;
				CLANG_WARN_UNREACHABLE_CODE = YES;
				CLANG_WARN__DUPLICATE_METHOD_MATCH = YES;
				COPY_PHASE_STRIP = NO;
				DEBUG_INFORMATION_FORMAT = "dwarf-with-dsym";
				ENABLE_NS_ASSERTIONS = NO;
				ENABLE_STRICT_OBJC_MSGSEND = YES;
				GCC_C_LANGUAGE_STANDARD = gnu11;
				GCC_NO_COMMON_BLOCKS = YES;
				GCC_WARN_64_TO_32_BIT_CONVERSION = YES;
				GCC_WARN_ABOUT_RETURN_TYPE = YES_ERROR;
				GCC_WARN_UNDECLARED_SELECTOR = YES;
				GCC_WARN_UNINITIALIZED_AUTOS = YES_AGGRESSIVE;
				GCC_WARN_UNUSED_FUNCTION = YES;
				GCC_WARN_UNUSED_VARIABLE = YES;
				IPHONEOS_DEPLOYMENT_TARGET = 15.2;
				MTL_ENABLE_DEBUG_INFO = NO;
				MTL_FAST_MATH = YES;
				SDKROOT = iphoneos;
				SWIFT_COMPILATION_MODE = wholemodule;
				SWIFT_OPTIMIZATION_LEVEL = "-O";
				VALIDATE_PRODUCT = YES;
			};
			name = Release;
		};
		3347A27727D4564300FD0BF7 /* Debug */ = {
			isa = XCBuildConfiguration;
			buildSettings = {
				ASSETCATALOG_COMPILER_APPICON_NAME = AppIcon;
				ASSETCATALOG_COMPILER_GLOBAL_ACCENT_COLOR_NAME = AccentColor;
				CODE_SIGN_STYLE = Automatic;
				CURRENT_PROJECT_VERSION = 1;
				DEVELOPMENT_TEAM = 53A2NCY57F;
				GENERATE_INFOPLIST_FILE = YES;
				INFOPLIST_FILE = ClipsToBoundsVSMasksToBounds/Info.plist;
				INFOPLIST_KEY_UIApplicationSupportsIndirectInputEvents = YES;
				INFOPLIST_KEY_UILaunchStoryboardName = LaunchScreen;
				INFOPLIST_KEY_UISupportedInterfaceOrientations_iPad = "UIInterfaceOrientationPortrait UIInterfaceOrientationPortraitUpsideDown UIInterfaceOrientationLandscapeLeft UIInterfaceOrientationLandscapeRight";
				INFOPLIST_KEY_UISupportedInterfaceOrientations_iPhone = "UIInterfaceOrientationPortrait UIInterfaceOrientationLandscapeLeft UIInterfaceOrientationLandscapeRight";
				LD_RUNPATH_SEARCH_PATHS = (
					"$(inherited)",
					"@executable_path/Frameworks",
				);
				MARKETING_VERSION = 1.0;
				PRODUCT_BUNDLE_IDENTIFIER = com.eom.ClipsToBoundsVSMasksToBounds;
				PRODUCT_NAME = "$(TARGET_NAME)";
				SWIFT_EMIT_LOC_STRINGS = YES;
				SWIFT_VERSION = 5.0;
				TARGETED_DEVICE_FAMILY = "1,2";
			};
			name = Debug;
		};
		3347A27827D4564300FD0BF7 /* Release */ = {
			isa = XCBuildConfiguration;
			buildSettings = {
				ASSETCATALOG_COMPILER_APPICON_NAME = AppIcon;
				ASSETCATALOG_COMPILER_GLOBAL_ACCENT_COLOR_NAME = AccentColor;
				CODE_SIGN_STYLE = Automatic;
				CURRENT_PROJECT_VERSION = 1;
				DEVELOPMENT_TEAM = 53A2NCY57F;
				GENERATE_INFOPLIST_FILE = YES;
				INFOPLIST_FILE = ClipsToBoundsVSMasksToBounds/Info.plist;
				INFOPLIST_KEY_UIApplicationSupportsIndirectInputEvents = YES;
				INFOPLIST_KEY_UILaunchStoryboardName = LaunchScreen;
				INFOPLIST_KEY_UISupportedInterfaceOrientations_iPad = "UIInterfaceOrientationPortrait UIInterfaceOrientationPortraitUpsideDown UIInterfaceOrientationLandscapeLeft UIInterfaceOrientationLandscapeRight";
				INFOPLIST_KEY_UISupportedInterfaceOrientations_iPhone = "UIInterfaceOrientationPortrait UIInterfaceOrientationLandscapeLeft UIInterfaceOrientationLandscapeRight";
				LD_RUNPATH_SEARCH_PATHS = (
					"$(inherited)",
					"@executable_path/Frameworks",
				);
				MARKETING_VERSION = 1.0;
				PRODUCT_BUNDLE_IDENTIFIER = com.eom.ClipsToBoundsVSMasksToBounds;
				PRODUCT_NAME = "$(TARGET_NAME)";
				SWIFT_EMIT_LOC_STRINGS = YES;
				SWIFT_VERSION = 5.0;
				TARGETED_DEVICE_FAMILY = "1,2";
			};
			name = Release;
		};
/* End XCBuildConfiguration section */

/* Begin XCConfigurationList section */
		3347A25A27D4564300FD0BF7 /* Build configuration list for PBXProject "ClipsToBoundsVSMasksToBounds" */ = {
			isa = XCConfigurationList;
			buildConfigurations = (
				3347A27427D4564300FD0BF7 /* Debug */,
				3347A27527D4564300FD0BF7 /* Release */,
			);
			defaultConfigurationIsVisible = 0;
			defaultConfigurationName = Release;
		};
		3347A27627D4564300FD0BF7 /* Build configuration list for PBXNativeTarget "ClipsToBoundsVSMasksToBounds" */ = {
			isa = XCConfigurationList;
			buildConfigurations = (
				3347A27727D4564300FD0BF7 /* Debug */,
				3347A27827D4564300FD0BF7 /* Release */,
			);
			defaultConfigurationIsVisible = 0;
			defaultConfigurationName = Release;
		};
/* End XCConfigurationList section */

/* Begin XCVersionGroup section */
		3347A26B27D4564300FD0BF7 /* ClipsToBoundsVSMasksToBounds.xcdatamodeld */ = {
			isa = XCVersionGroup;
			children = (
				3347A26C27D4564300FD0BF7 /* ClipsToBoundsVSMasksToBounds.xcdatamodel */,
			);
			currentVersion = 3347A26C27D4564300FD0BF7 /* ClipsToBoundsVSMasksToBounds.xcdatamodel */;
			path = ClipsToBoundsVSMasksToBounds.xcdatamodeld;
			sourceTree = "<group>";
			versionGroupType = wrapper.xcdatamodel;
		};
/* End XCVersionGroup section */
	};
	rootObject = 3347A25727D4564300FD0BF7 /* Project object */;
}
